
Microsoft Visual Studio Solution File, Format Version 12.00
Project("{FAE04EC0-301F-11D3-BF4B-00C04F79EFBC}") = "Numbers", "Numbers\Numbers.csproj", "{E9C923E5-57E2-4488-8FAE-E001B5F2F530}"
EndProject
Project("{FAE04EC0-301F-11D3-BF4B-00C04F79EFBC}") = "DateTime", "DateTime\DateTime.csproj", "{CA4D38D9-F487-44F6-B0E3-082A0EA36BBC}"
EndProject
Project("{FAE04EC0-301F-11D3-BF4B-00C04F79EFBC}") = "Math", "Math\Math.csproj", "{16422D6E-1B8E-44C5-BCC9-0DB9E01ADB5A}"
EndProject
Global
	GlobalSection(SolutionConfigurationPlatforms) = preSolution
		Debug|Any CPU = Debug|Any CPU
		Release|Any CPU = Release|Any CPU
	EndGlobalSection
	GlobalSection(ProjectConfigurationPlatforms) = postSolution
		{E9C923E5-57E2-4488-8FAE-E001B5F2F530}.Debug|Any CPU.ActiveCfg = Debug|Any CPU
		{E9C923E5-57E2-4488-8FAE-E001B5F2F530}.Debug|Any CPU.Build.0 = Debug|Any CPU
		{E9C923E5-57E2-4488-8FAE-E001B5F2F530}.Release|Any CPU.ActiveCfg = Release|Any CPU
		{E9C923E5-57E2-4488-8FAE-E001B5F2F530}.Release|Any CPU.Build.0 = Release|Any CPU
		{CA4D38D9-F487-44F6-B0E3-082A0EA36BBC}.Debug|Any CPU.ActiveCfg = Debug|Any CPU
		{CA4D38D9-F487-44F6-B0E3-082A0EA36BBC}.Debug|Any CPU.Build.0 = Debug|Any CPU
		{CA4D38D9-F487-44F6-B0E3-082A0EA36BBC}.Release|Any CPU.ActiveCfg = Release|Any CPU
		{CA4D38D9-F487-44F6-B0E3-082A0EA36BBC}.Release|Any CPU.Build.0 = Release|Any CPU
		{16422D6E-1B8E-44C5-BCC9-0DB9E01ADB5A}.Debug|Any CPU.ActiveCfg = Debug|Any CPU
		{16422D6E-1B8E-44C5-BCC9-0DB9E01ADB5A}.Debug|Any CPU.Build.0 = Debug|Any CPU
		{16422D6E-1B8E-44C5-BCC9-0DB9E01ADB5A}.Release|Any CPU.ActiveCfg = Release|Any CPU
		{16422D6E-1B8E-44C5-BCC9-0DB9E01ADB5A}.Release|Any CPU.Build.0 = Release|Any CPU
	EndGlobalSection
EndGlobal
